version = 1
revision = 1
requires-python = ">=3.10"

[[package]]
name = "ibd-booster-hints-gen"
version = "0.1.0"
source = { virtual = "." }
dependencies = [
    { name = "py-bitcoinkernel" },
]

[package.metadata]
requires-dist = [{ name = "py-bitcoinkernel", git = "https://github.com/stickies-v/py-bitcoinkernel" }]

[[package]]
name = "py-bitcoinkernel"
version = "0.1.0a2"
source = { git = "https://github.com/stickies-v/py-bitcoinkernel#c26d23d4c0aefd10b90928a4d3fa2a157a59bcfe" }
